
Microsoft Visual Studio Solution File, Format Version 12.00
# Visual Studio 14
VisualStudioVersion = 14.0.25420.1
MinimumVisualStudioVersion = 10.0.40219.1
Project("{FAE04EC0-301F-11D3-BF4B-00C04F79EFBC}") = "HotelExplorerGUI", "HotelExplorerGUI\HotelExplorerGUI.csproj", "{87ACB7EA-B6FF-4EB3-AC5C-2F9647E01999}"
EndProject
Project("{FAE04EC0-301F-11D3-BF4B-00C04F79EFBC}") = "HotelDataCrawler", "HotelDataCrawler\HotelDataCrawler.csproj", "{86B68671-5A38-4E02-ACD7-62703502D3D6}"
EndProject
Project("{FAE04EC0-301F-11D3-BF4B-00C04F79EFBC}") = "HotelDatabase", "HotelDatabase\HotelDatabase.csproj", "{F699F84F-F481-4B7E-9121-466BB9191744}"
EndProject
Global
	GlobalSection(SolutionConfigurationPlatforms) = preSolution
		Debug|Any CPU = Debug|Any CPU
		Release|Any CPU = Release|Any CPU
	EndGlobalSection
	GlobalSection(ProjectConfigurationPlatforms) = postSolution
		{87ACB7EA-B6FF-4EB3-AC5C-2F9647E01999}.Debug|Any CPU.ActiveCfg = Debug|Any CPU
		{87ACB7EA-B6FF-4EB3-AC5C-2F9647E01999}.Debug|Any CPU.Build.0 = Debug|Any CPU
		{87ACB7EA-B6FF-4EB3-AC5C-2F9647E01999}.Release|Any CPU.ActiveCfg = Release|Any CPU
		{87ACB7EA-B6FF-4EB3-AC5C-2F9647E01999}.Release|Any CPU.Build.0 = Release|Any CPU
		{86B68671-5A38-4E02-ACD7-62703502D3D6}.Debug|Any CPU.ActiveCfg = Debug|Any CPU
		{86B68671-5A38-4E02-ACD7-62703502D3D6}.Debug|Any CPU.Build.0 = Debug|Any CPU
		{86B68671-5A38-4E02-ACD7-62703502D3D6}.Release|Any CPU.ActiveCfg = Release|Any CPU
		{86B68671-5A38-4E02-ACD7-62703502D3D6}.Release|Any CPU.Build.0 = Release|Any CPU
		{F699F84F-F481-4B7E-9121-466BB9191744}.Debug|Any CPU.ActiveCfg = Debug|Any CPU
		{F699F84F-F481-4B7E-9121-466BB9191744}.Debug|Any CPU.Build.0 = Debug|Any CPU
		{F699F84F-F481-4B7E-9121-466BB9191744}.Release|Any CPU.ActiveCfg = Release|Any CPU
		{F699F84F-F481-4B7E-9121-466BB9191744}.Release|Any CPU.Build.0 = Release|Any CPU
	EndGlobalSection
	GlobalSection(SolutionProperties) = preSolution
		HideSolutionNode = FALSE
	EndGlobalSection
EndGlobal
